
Microsoft Visual Studio Solution File, Format Version 12.00
# Visual Studio Version 17
VisualStudioVersion = 17.5.33516.290
MinimumVisualStudioVersion = 10.0.40219.1
Project("{FAE04EC0-301F-11D3-BF4B-00C04F79EFBC}") = "RAB_Module_03_Skills", "RAB_Module_03_Skills\RAB_Module_03_Skills.csproj", "{7C25877B-60EB-422F-8C31-66BCB29A84A7}"
EndProject
Global
	GlobalSection(SolutionConfigurationPlatforms) = preSolution
		Debug|Any CPU = Debug|Any CPU
		Release|Any CPU = Release|Any CPU
	EndGlobalSection
	GlobalSection(ProjectConfigurationPlatforms) = postSolution
		{7C25877B-60EB-422F-8C31-66BCB29A84A7}.Debug|Any CPU.ActiveCfg = Debug|Any CPU
		{7C25877B-60EB-422F-8C31-66BCB29A84A7}.Debug|Any CPU.Build.0 = Debug|Any CPU
		{7C25877B-60EB-422F-8C31-66BCB29A84A7}.Release|Any CPU.ActiveCfg = Release|Any CPU
		{7C25877B-60EB-422F-8C31-66BCB29A84A7}.Release|Any CPU.Build.0 = Release|Any CPU
	EndGlobalSection
	GlobalSection(SolutionProperties) = preSolution
		HideSolutionNode = FALSE
	EndGlobalSection
	GlobalSection(ExtensibilityGlobals) = postSolution
		SolutionGuid = {782FD16A-158D-40E3-AD25-B9DB6042CFAB}
	EndGlobalSection
EndGlobal
